
Microsoft Visual Studio Solution File, Format Version 12.00
# Visual Studio Version 17
VisualStudioVersion = 17.0.31903.59
MinimumVisualStudioVersion = 10.0.40219.1
Project("{888888A0-9F3D-457C-B088-3A5042F75D52}") = "service", "service.pyproj", "{B86C1EC1-4316-491C-B884-E0F13CA405B4}"
EndProject
Global
	GlobalSection(SolutionConfigurationPlatforms) = preSolution
		Debug|Any CPU = Debug|Any CPU
		Release|Any CPU = Release|Any CPU
	EndGlobalSection
	GlobalSection(ProjectConfigurationPlatforms) = postSolution
		{B86C1EC1-4316-491C-B884-E0F13CA405B4}.Debug|Any CPU.ActiveCfg = Debug|Any CPU
		{B86C1EC1-4316-491C-B884-E0F13CA405B4}.Debug|Any CPU.Build.0 = Debug|Any CPU
		{B86C1EC1-4316-491C-B884-E0F13CA405B4}.Release|Any CPU.ActiveCfg = Release|Any CPU
		{B86C1EC1-4316-491C-B884-E0F13CA405B4}.Release|Any CPU.Build.0 = Release|Any CPU
	EndGlobalSection
	GlobalSection(SolutionProperties) = preSolution
		HideSolutionNode = FALSE
	EndGlobalSection
	GlobalSection(ExtensibilityGlobals) = postSolution
		SolutionGuid = {6CFDEEFF-64BD-4895-B639-14A89ECFCD01}
	EndGlobalSection
EndGlobal
